
Microsoft Visual Studio Solution File, Format Version 12.00
# Visual Studio Version 16
VisualStudioVersion = 16.0.29215.179
MinimumVisualStudioVersion = 10.0.40219.1
Project("{FAE04EC0-301F-11D3-BF4B-00C04F79EFBC}") = "Ejercicio 07", "Ejercicio 07\Ejercicio 07.csproj", "{6A1F03CD-436F-4C03-80F3-D370A71E309D}"
EndProject
Global
	GlobalSection(SolutionConfigurationPlatforms) = preSolution
		Debug|Any CPU = Debug|Any CPU
		Release|Any CPU = Release|Any CPU
	EndGlobalSection
	GlobalSection(ProjectConfigurationPlatforms) = postSolution
		{6A1F03CD-436F-4C03-80F3-D370A71E309D}.Debug|Any CPU.ActiveCfg = Debug|Any CPU
		{6A1F03CD-436F-4C03-80F3-D370A71E309D}.Debug|Any CPU.Build.0 = Debug|Any CPU
		{6A1F03CD-436F-4C03-80F3-D370A71E309D}.Release|Any CPU.ActiveCfg = Release|Any CPU
		{6A1F03CD-436F-4C03-80F3-D370A71E309D}.Release|Any CPU.Build.0 = Release|Any CPU
	EndGlobalSection
	GlobalSection(SolutionProperties) = preSolution
		HideSolutionNode = FALSE
	EndGlobalSection
	GlobalSection(ExtensibilityGlobals) = postSolution
		SolutionGuid = {A31D1C11-D7EF-42A8-BEAA-F70F481FF126}
	EndGlobalSection
EndGlobal
