
Microsoft Visual Studio Solution File, Format Version 12.00
# Visual Studio Version 16
VisualStudioVersion = 16.0.29418.71
MinimumVisualStudioVersion = 10.0.40219.1
Project("{FAE04EC0-301F-11D3-BF4B-00C04F79EFBC}") = "Entidades", "Entidades\Entidades.csproj", "{F362931E-9868-4989-A3BD-6A6703CAD90E}"
EndProject
Project("{FAE04EC0-301F-11D3-BF4B-00C04F79EFBC}") = "Logica", "Logica\Logica.csproj", "{5B4A6528-DF0F-47F9-8ABF-AC6EE431060D}"
EndProject
Global
	GlobalSection(SolutionConfigurationPlatforms) = preSolution
		Debug|Any CPU = Debug|Any CPU
		Release|Any CPU = Release|Any CPU
	EndGlobalSection
	GlobalSection(ProjectConfigurationPlatforms) = postSolution
		{F362931E-9868-4989-A3BD-6A6703CAD90E}.Debug|Any CPU.ActiveCfg = Debug|Any CPU
		{F362931E-9868-4989-A3BD-6A6703CAD90E}.Debug|Any CPU.Build.0 = Debug|Any CPU
		{F362931E-9868-4989-A3BD-6A6703CAD90E}.Release|Any CPU.ActiveCfg = Release|Any CPU
		{F362931E-9868-4989-A3BD-6A6703CAD90E}.Release|Any CPU.Build.0 = Release|Any CPU
		{5B4A6528-DF0F-47F9-8ABF-AC6EE431060D}.Debug|Any CPU.ActiveCfg = Debug|Any CPU
		{5B4A6528-DF0F-47F9-8ABF-AC6EE431060D}.Debug|Any CPU.Build.0 = Debug|Any CPU
		{5B4A6528-DF0F-47F9-8ABF-AC6EE431060D}.Release|Any CPU.ActiveCfg = Release|Any CPU
		{5B4A6528-DF0F-47F9-8ABF-AC6EE431060D}.Release|Any CPU.Build.0 = Release|Any CPU
	EndGlobalSection
	GlobalSection(SolutionProperties) = preSolution
		HideSolutionNode = FALSE
	EndGlobalSection
	GlobalSection(ExtensibilityGlobals) = postSolution
		SolutionGuid = {AD0CAE29-AE80-4925-8CC6-7042DD24293F}
	EndGlobalSection
EndGlobal
