
Microsoft Visual Studio Solution File, Format Version 12.00
# Visual Studio Version 16
VisualStudioVersion = 16.0.29215.179
MinimumVisualStudioVersion = 10.0.40219.1
Project("{FAE04EC0-301F-11D3-BF4B-00C04F79EFBC}") = "Ejercicio 04", "Ejercicio 04\Ejercicio 04.csproj", "{A61531E0-AA8F-490A-A2BE-CD4312519820}"
EndProject
Global
	GlobalSection(SolutionConfigurationPlatforms) = preSolution
		Debug|Any CPU = Debug|Any CPU
		Release|Any CPU = Release|Any CPU
	EndGlobalSection
	GlobalSection(ProjectConfigurationPlatforms) = postSolution
		{A61531E0-AA8F-490A-A2BE-CD4312519820}.Debug|Any CPU.ActiveCfg = Debug|Any CPU
		{A61531E0-AA8F-490A-A2BE-CD4312519820}.Debug|Any CPU.Build.0 = Debug|Any CPU
		{A61531E0-AA8F-490A-A2BE-CD4312519820}.Release|Any CPU.ActiveCfg = Release|Any CPU
		{A61531E0-AA8F-490A-A2BE-CD4312519820}.Release|Any CPU.Build.0 = Release|Any CPU
	EndGlobalSection
	GlobalSection(SolutionProperties) = preSolution
		HideSolutionNode = FALSE
	EndGlobalSection
	GlobalSection(ExtensibilityGlobals) = postSolution
		SolutionGuid = {41ADC527-AAAB-4FC8-8D99-F7E1555BC8A6}
	EndGlobalSection
EndGlobal
