
Microsoft Visual Studio Solution File, Format Version 12.00
# Visual Studio 15
VisualStudioVersion = 15.0.27703.2047
MinimumVisualStudioVersion = 10.0.40219.1
Project("{FAE04EC0-301F-11D3-BF4B-00C04F79EFBC}") = "ClassLibrary1", "ClassLibrary1\ClassLibrary1.csproj", "{87B13A5B-CEE1-44E1-B69B-AAF3445C5469}"
EndProject
Project("{FAE04EC0-301F-11D3-BF4B-00C04F79EFBC}") = "ConsoleApp1", "ConsoleApp1\ConsoleApp1.csproj", "{CEF65D93-D952-42D5-AF6A-CBABA9E4588D}"
EndProject
Global
	GlobalSection(SolutionConfigurationPlatforms) = preSolution
		Debug|Any CPU = Debug|Any CPU
		Release|Any CPU = Release|Any CPU
	EndGlobalSection
	GlobalSection(ProjectConfigurationPlatforms) = postSolution
		{87B13A5B-CEE1-44E1-B69B-AAF3445C5469}.Debug|Any CPU.ActiveCfg = Debug|Any CPU
		{87B13A5B-CEE1-44E1-B69B-AAF3445C5469}.Debug|Any CPU.Build.0 = Debug|Any CPU
		{87B13A5B-CEE1-44E1-B69B-AAF3445C5469}.Release|Any CPU.ActiveCfg = Release|Any CPU
		{87B13A5B-CEE1-44E1-B69B-AAF3445C5469}.Release|Any CPU.Build.0 = Release|Any CPU
		{CEF65D93-D952-42D5-AF6A-CBABA9E4588D}.Debug|Any CPU.ActiveCfg = Debug|Any CPU
		{CEF65D93-D952-42D5-AF6A-CBABA9E4588D}.Debug|Any CPU.Build.0 = Debug|Any CPU
		{CEF65D93-D952-42D5-AF6A-CBABA9E4588D}.Release|Any CPU.ActiveCfg = Release|Any CPU
		{CEF65D93-D952-42D5-AF6A-CBABA9E4588D}.Release|Any CPU.Build.0 = Release|Any CPU
	EndGlobalSection
	GlobalSection(SolutionProperties) = preSolution
		HideSolutionNode = FALSE
	EndGlobalSection
	GlobalSection(ExtensibilityGlobals) = postSolution
		SolutionGuid = {FB9E79B7-EF6A-451E-A4F3-13C815366B96}
	EndGlobalSection
EndGlobal
