
Microsoft Visual Studio Solution File, Format Version 12.00
# Visual Studio Version 16
VisualStudioVersion = 16.0.29215.179
MinimumVisualStudioVersion = 10.0.40219.1
Project("{FAE04EC0-301F-11D3-BF4B-00C04F79EFBC}") = "Ejercicio 08", "Ejercicio 08\Ejercicio 08.csproj", "{AFB72B3B-993B-47E9-B1FD-6D419DD2BC35}"
EndProject
Global
	GlobalSection(SolutionConfigurationPlatforms) = preSolution
		Debug|Any CPU = Debug|Any CPU
		Release|Any CPU = Release|Any CPU
	EndGlobalSection
	GlobalSection(ProjectConfigurationPlatforms) = postSolution
		{AFB72B3B-993B-47E9-B1FD-6D419DD2BC35}.Debug|Any CPU.ActiveCfg = Debug|Any CPU
		{AFB72B3B-993B-47E9-B1FD-6D419DD2BC35}.Debug|Any CPU.Build.0 = Debug|Any CPU
		{AFB72B3B-993B-47E9-B1FD-6D419DD2BC35}.Release|Any CPU.ActiveCfg = Release|Any CPU
		{AFB72B3B-993B-47E9-B1FD-6D419DD2BC35}.Release|Any CPU.Build.0 = Release|Any CPU
	EndGlobalSection
	GlobalSection(SolutionProperties) = preSolution
		HideSolutionNode = FALSE
	EndGlobalSection
	GlobalSection(ExtensibilityGlobals) = postSolution
		SolutionGuid = {44B64A96-6709-4B62-A376-B496A5A32718}
	EndGlobalSection
EndGlobal
