
Microsoft Visual Studio Solution File, Format Version 12.00
# Visual Studio Version 16
VisualStudioVersion = 16.0.29215.179
MinimumVisualStudioVersion = 10.0.40219.1
Project("{FAE04EC0-301F-11D3-BF4B-00C04F79EFBC}") = "Formas", "Formas\Formas.csproj", "{BCA86B35-9666-457B-B14E-B41EC1443BE4}"
EndProject
Project("{FAE04EC0-301F-11D3-BF4B-00C04F79EFBC}") = "Entities", "Entities\Entities.csproj", "{B07F4EED-14FF-4215-A414-12893D3B6268}"
EndProject
Global
	GlobalSection(SolutionConfigurationPlatforms) = preSolution
		Debug|Any CPU = Debug|Any CPU
		Release|Any CPU = Release|Any CPU
	EndGlobalSection
	GlobalSection(ProjectConfigurationPlatforms) = postSolution
		{BCA86B35-9666-457B-B14E-B41EC1443BE4}.Debug|Any CPU.ActiveCfg = Debug|Any CPU
		{BCA86B35-9666-457B-B14E-B41EC1443BE4}.Debug|Any CPU.Build.0 = Debug|Any CPU
		{BCA86B35-9666-457B-B14E-B41EC1443BE4}.Release|Any CPU.ActiveCfg = Release|Any CPU
		{BCA86B35-9666-457B-B14E-B41EC1443BE4}.Release|Any CPU.Build.0 = Release|Any CPU
		{B07F4EED-14FF-4215-A414-12893D3B6268}.Debug|Any CPU.ActiveCfg = Debug|Any CPU
		{B07F4EED-14FF-4215-A414-12893D3B6268}.Debug|Any CPU.Build.0 = Debug|Any CPU
		{B07F4EED-14FF-4215-A414-12893D3B6268}.Release|Any CPU.ActiveCfg = Release|Any CPU
		{B07F4EED-14FF-4215-A414-12893D3B6268}.Release|Any CPU.Build.0 = Release|Any CPU
	EndGlobalSection
	GlobalSection(SolutionProperties) = preSolution
		HideSolutionNode = FALSE
	EndGlobalSection
	GlobalSection(ExtensibilityGlobals) = postSolution
		SolutionGuid = {42CED3BD-835E-487A-90A1-3429074C6079}
	EndGlobalSection
EndGlobal
