
Microsoft Visual Studio Solution File, Format Version 12.00
# Visual Studio Version 16
VisualStudioVersion = 16.0.29215.179
MinimumVisualStudioVersion = 10.0.40219.1
Project("{FAE04EC0-301F-11D3-BF4B-00C04F79EFBC}") = "Ejercicio 31", "Ejercicio 31\Ejercicio 31.csproj", "{8C371624-F372-473F-A18A-AB413B545715}"
EndProject
Project("{FAE04EC0-301F-11D3-BF4B-00C04F79EFBC}") = "Entidades", "Entidades\Entidades.csproj", "{F50FC2D8-1F0A-40A0-8801-9C05E877FEA7}"
EndProject
Global
	GlobalSection(SolutionConfigurationPlatforms) = preSolution
		Debug|Any CPU = Debug|Any CPU
		Release|Any CPU = Release|Any CPU
	EndGlobalSection
	GlobalSection(ProjectConfigurationPlatforms) = postSolution
		{8C371624-F372-473F-A18A-AB413B545715}.Debug|Any CPU.ActiveCfg = Debug|Any CPU
		{8C371624-F372-473F-A18A-AB413B545715}.Debug|Any CPU.Build.0 = Debug|Any CPU
		{8C371624-F372-473F-A18A-AB413B545715}.Release|Any CPU.ActiveCfg = Release|Any CPU
		{8C371624-F372-473F-A18A-AB413B545715}.Release|Any CPU.Build.0 = Release|Any CPU
		{F50FC2D8-1F0A-40A0-8801-9C05E877FEA7}.Debug|Any CPU.ActiveCfg = Debug|Any CPU
		{F50FC2D8-1F0A-40A0-8801-9C05E877FEA7}.Debug|Any CPU.Build.0 = Debug|Any CPU
		{F50FC2D8-1F0A-40A0-8801-9C05E877FEA7}.Release|Any CPU.ActiveCfg = Release|Any CPU
		{F50FC2D8-1F0A-40A0-8801-9C05E877FEA7}.Release|Any CPU.Build.0 = Release|Any CPU
	EndGlobalSection
	GlobalSection(SolutionProperties) = preSolution
		HideSolutionNode = FALSE
	EndGlobalSection
	GlobalSection(ExtensibilityGlobals) = postSolution
		SolutionGuid = {C745C76D-8FAA-4004-8C24-A9DA7C769692}
	EndGlobalSection
EndGlobal
